{
  "version": "5",
  "specifiers": {
    "jsr:@hono/hono@4.9.8": "4.9.8",
    "jsr:@std/assert@1.0.14": "1.0.14",
    "jsr:@std/collections@^1.1.3": "1.3.0",
    "jsr:@std/internal@^1.0.10": "1.0.14",
    "jsr:@std/toml@1.0.11": "1.0.11",
    "npm:@codemirror/commands@6.11.0": "6.11.0",
    "npm:@codemirror/lang-css@6.3.1": "6.3.1",
    "npm:@codemirror/lang-html@6.4.12": "6.4.12",
    "npm:@codemirror/lang-javascript@6.2.5": "6.2.5",
    "npm:@codemirror/lang-json@6.0.2": "6.0.2",
    "npm:@codemirror/lang-markdown@6.5.2": "6.5.2",
    "npm:@codemirror/lang-python@6.2.1": "6.2.1",
    "npm:@codemirror/lang-sql@6.10.0": "6.10.0",
    "npm:@codemirror/lang-yaml@6.1.3": "6.1.3",
    "npm:@codemirror/language@6.12.4": "6.12.4",
    "npm:@codemirror/legacy-modes@6.5.4": "6.5.4",
    "npm:@codemirror/lint@6.9.7": "6.9.7",
    "npm:@codemirror/state@6.7.4": "6.7.4",
    "npm:@codemirror/view@6.43.11": "6.43.11",
    "npm:@lezer/highlight@1.2.3": "1.2.3",
    "npm:@noble/hashes@2.4.0": "2.4.0",
    "npm:@xterm/headless@5.5.0": "5.5.0",
    "npm:kysely@0.29.4": "0.29.4",
    "npm:markdown-it@14.1.0": "14.1.0",
    "npm:smol-toml@1.8.0": "1.8.0",
    "npm:zod@4.1.5": "4.1.5"
  },
  "jsr": {
    "@hono/hono@4.9.8": {
      "integrity": "908150f13e90181a051a3af3bf15203aff00190682afedfd38824d0cb9299a95"
    },
    "@std/assert@1.0.14": {
      "integrity": "68d0d4a43b365abc927f45a9b85c639ea18a9fab96ad92281e493e4ed84abaa4",
      "dependencies": [
        "jsr:@std/internal"
      ]
    },
    "@std/collections@1.3.0": {
      "integrity": "eb36b43d784477ea0b476483ac034a14bdd182aff921c812ecf662a1fcef9498"
    },
    "@std/internal@1.0.14": {
      "integrity": "291516b3d4c35024d6ffbc0a9df5bf4c64116e05b50012cf846710152d2ffdf7"
    },
    "@std/toml@1.0.11": {
      "integrity": "e084988b872ca4bad6aedfb7350f6eeed0e8ba88e9ee5e1590621c5b5bb8f715",
      "dependencies": [
        "jsr:@std/collections"
      ]
    }
  },
  "npm": {
    "@codemirror/autocomplete@6.20.3": {
      "integrity": "sha512-tlosUqb+3BbxCxZdu4tKeRghPFC+QM7q4X5YhKV2eCmPG+1r2F3f4AaSz5sCrFqUtX4Jh20VFTKecl16MgiV9g==",
      "dependencies": [
        "@codemirror/language",
        "@codemirror/state",
        "@codemirror/view",
        "@lezer/common"
      ]
    },
    "@codemirror/commands@6.11.0": {
      "integrity": "sha512-/K4Rl5BN0OtTiPWmJCdqODu38XnDMsDxKY5rgrPnCkutPTJf2wVbkoixLfealF5Kwse/s8P8M5jAiURiwSwnFA==",
      "dependencies": [
        "@codemirror/language",
        "@codemirror/state",
        "@codemirror/view",
        "@lezer/common"
      ]
    },
    "@codemirror/lang-css@6.3.1": {
      "integrity": "sha512-kr5fwBGiGtmz6l0LSJIbno9QrifNMUusivHbnA1H6Dmqy4HZFte3UAICix1VuKo0lMPKQr2rqB+0BkKi/S3Ejg==",
      "dependencies": [
        "@codemirror/autocomplete",
        "@codemirror/language",
        "@codemirror/state",
        "@lezer/common",
        "@lezer/css"
      ]
    },
    "@codemirror/lang-html@6.4.12": {
      "integrity": "sha512-pw2ReWKUqSkbvh76RAT4NYxiogRu+PWkR2ukAwO9uOgrm8uipkzjtKKtNpyeAQwHOqxEeSvAXZ6vr3AfyB9y/w==",
      "dependencies": [
        "@codemirror/autocomplete",
        "@codemirror/lang-css",
        "@codemirror/lang-javascript",
        "@codemirror/language",
        "@codemirror/state",
        "@codemirror/view",
        "@lezer/common",
        "@lezer/css",
        "@lezer/html"
      ]
    },
    "@codemirror/lang-javascript@6.2.5": {
      "integrity": "sha512-zD4e5mS+50htS7F+TYjBPsiIFGanfVqg4HyUz6WNFikgOPf2BgKlx+TQedI1w6n/IqRBVBbBWmGFdLB/7uxO4A==",
      "dependencies": [
        "@codemirror/autocomplete",
        "@codemirror/language",
        "@codemirror/lint",
        "@codemirror/state",
        "@codemirror/view",
        "@lezer/common",
        "@lezer/javascript"
      ]
    },
    "@codemirror/lang-json@6.0.2": {
      "integrity": "sha512-x2OtO+AvwEHrEwR0FyyPtfDUiloG3rnVTSZV1W8UteaLL8/MajQd8DpvUb2YVzC+/T18aSDv0H9mu+xw0EStoQ==",
      "dependencies": [
        "@codemirror/language",
        "@lezer/json"
      ]
    },
    "@codemirror/lang-markdown@6.5.2": {
      "integrity": "sha512-AwBOdkWYuA//WcM0xO5PfHPUcmz/O2i5o0Nsg1U69SII/loCJlFI1Romd9xp2HYb1kYJRGZotyqRghuHH5n8Kw==",
      "dependencies": [
        "@codemirror/autocomplete",
        "@codemirror/lang-html",
        "@codemirror/language",
        "@codemirror/state",
        "@codemirror/view",
        "@lezer/common",
        "@lezer/markdown"
      ]
    },
    "@codemirror/lang-python@6.2.1": {
      "integrity": "sha512-IRjC8RUBhn9mGR9ywecNhB51yePWCGgvHfY1lWN/Mrp3cKuHr0isDKia+9HnvhiWNnMpbGhWrkhuWOc09exRyw==",
      "dependencies": [
        "@codemirror/autocomplete",
        "@codemirror/language",
        "@codemirror/state",
        "@lezer/common",
        "@lezer/python"
      ]
    },
    "@codemirror/lang-sql@6.10.0": {
      "integrity": "sha512-6ayPkEd/yRw0XKBx5uAiToSgGECo/GY2NoJIHXIIQh1EVwLuKoU8BP/qK0qH5NLXAbtJRLuT73hx7P9X34iO4w==",
      "dependencies": [
        "@codemirror/autocomplete",
        "@codemirror/language",
        "@codemirror/state",
        "@lezer/common",
        "@lezer/highlight",
        "@lezer/lr"
      ]
    },
    "@codemirror/lang-yaml@6.1.3": {
      "integrity": "sha512-AZ8DJBuXGVHybpBQhmZtgew5//4hv3tdkXnr3vDmOUMJRuB6vn/uuwtmTOTlqEaQFg3hQSVeA90NmvIQyUV6FQ==",
      "dependencies": [
        "@codemirror/autocomplete",
        "@codemirror/language",
        "@codemirror/state",
        "@lezer/common",
        "@lezer/highlight",
        "@lezer/lr",
        "@lezer/yaml"
      ]
    },
    "@codemirror/language@6.12.4": {
      "integrity": "sha512-1q4PaT+o6PbgpkJt4Q8Fv5XJxTy4FUZ4MWETtyiDw3J0Pyr9E2vqcKL+k9wcvjNTIsauxvE7OfmWj3FRPHQ76A==",
      "dependencies": [
        "@codemirror/state",
        "@codemirror/view",
        "@lezer/common",
        "@lezer/highlight",
        "@lezer/lr",
        "style-mod"
      ]
    },
    "@codemirror/legacy-modes@6.5.4": {
      "integrity": "sha512-/cZr6qZyl08iYNLGsJ862CXXNI51LryRFRE40ejgoIjXZz0C1rGkD3/Ek5jM/8w1ceRjqtt4qx/KLMh4zBTgew==",
      "dependencies": [
        "@codemirror/language"
      ]
    },
    "@codemirror/lint@6.9.7": {
      "integrity": "sha512-28/+iWLYxKxsvGYhSYL7zaCZqLz5+FFFDq9tVsvGv9kv8RY4fFAchJ5WX9M3YrrRlTIsECjsXPqeNgnSmNP2dg==",
      "dependencies": [
        "@codemirror/state",
        "@codemirror/view",
        "crelt"
      ]
    },
    "@codemirror/state@6.7.4": {
      "integrity": "sha512-QhQIVRY+xHZDxwOSFrJ1eUMapJBUID3IdeAjf7dHO7zBUzSkyooHiodnalz5MG3iHzwixKMlAAyn7244y537EA==",
      "dependencies": [
        "@marijn/find-cluster-break"
      ]
    },
    "@codemirror/view@6.43.11": {
      "integrity": "sha512-2+esucbQX6wB2JYi1eDvdCPFTA31BN8oSy6xCmk3G6CloV11yOvEjYk+gH7kLrP0MuHG94E8WDhjs5oMiu3+Wg==",
      "dependencies": [
        "@codemirror/state",
        "crelt",
        "style-mod",
        "w3c-keyname"
      ]
    },
    "@lezer/common@1.5.2": {
      "integrity": "sha512-sxQE460fPZyU3sdc8lafxiPwJHBzZRy/udNFynGQky1SePYBdhkBl1kOagA9uT3pxR8K09bOrmTUqA9wb/PjSQ=="
    },
    "@lezer/css@1.3.6": {
      "integrity": "sha512-YJE78Wcg+zX8f10hiHWQ4Az48Qr/c13eId0VtRQYLBpxHDmDeSrXIlkbl+fJGW42rWC/uoUco9mhBZeVWP/A1g==",
      "dependencies": [
        "@lezer/common",
        "@lezer/highlight",
        "@lezer/lr"
      ]
    },
    "@lezer/highlight@1.2.3": {
      "integrity": "sha512-qXdH7UqTvGfdVBINrgKhDsVTJTxactNNxLk7+UMwZhU13lMHaOBlJe9Vqp907ya56Y3+ed2tlqzys7jDkTmW0g==",
      "dependencies": [
        "@lezer/common"
      ]
    },
    "@lezer/html@1.3.13": {
      "integrity": "sha512-oI7n6NJml729m7pjm9lvLvmXbdoMoi2f+1pwSDJkl9d68zGr7a9Btz8NdHTGQZtW2DA25ybeuv/SyDb9D5tseg==",
      "dependencies": [
        "@lezer/common",
        "@lezer/highlight",
        "@lezer/lr"
      ]
    },
    "@lezer/javascript@1.5.4": {
      "integrity": "sha512-vvYx3MhWqeZtGPwDStM2dwgljd5smolYD2lR2UyFcHfxbBQebqx8yjmFmxtJ/E6nN6u1D9srOiVWm3Rb4tmcUA==",
      "dependencies": [
        "@lezer/common",
        "@lezer/highlight",
        "@lezer/lr"
      ]
    },
    "@lezer/json@1.0.3": {
      "integrity": "sha512-BP9KzdF9Y35PDpv04r0VeSTKDeox5vVr3efE7eBbx3r4s3oNLfunchejZhjArmeieBH+nVOpgIiBJpEAv8ilqQ==",
      "dependencies": [
        "@lezer/common",
        "@lezer/highlight",
        "@lezer/lr"
      ]
    },
    "@lezer/lr@1.4.10": {
      "integrity": "sha512-rnCpTIBafOx4mRp43xOxDJbFipJm/c0cia/V5TiGlhmMa+wsSdoGmUN3w5Bqrks/09Q/D4tNAmWaT8p6NRi77A==",
      "dependencies": [
        "@lezer/common"
      ]
    },
    "@lezer/markdown@1.7.2": {
      "integrity": "sha512-iTkYvoVcKt3WkeL7qUDyXHONZEwLio4wj8KTNi2dnjQEXBZKMV63BpQrPqfsM+OkvuRbiSTAcycYAsQzLhRNoQ==",
      "dependencies": [
        "@lezer/common",
        "@lezer/highlight"
      ]
    },
    "@lezer/python@1.1.19": {
      "integrity": "sha512-MhQIURHRytsNzP/YXnqpYKW6la6voAH3kyplTOOiCdjyFY6cWWGFVmYVdHIPrElqSDf4iCDktQCockB9FxuhzQ==",
      "dependencies": [
        "@lezer/common",
        "@lezer/highlight",
        "@lezer/lr"
      ]
    },
    "@lezer/yaml@1.0.4": {
      "integrity": "sha512-2lrrHqxalACEbxIbsjhqGpSW8kWpUKuY6RHgnSAFZa6qK62wvnPxA8hGOwOoDbwHcOFs5M4o27mjGu+P7TvBmw==",
      "dependencies": [
        "@lezer/common",
        "@lezer/highlight",
        "@lezer/lr"
      ]
    },
    "@marijn/find-cluster-break@1.0.4": {
      "integrity": "sha512-Wy0V7+SGUjnF9/TkiM1hKVDPj7jKXduPNboMVtHTA8dySMURWqfg/JZ9E2Sq8JgSJmkl7k7Qe9FLeMSrSraWmQ=="
    },
    "@noble/hashes@2.4.0": {
      "integrity": "sha512-X5XaVWZIBCT7HHZGm5I7ZQXDwLG+bGXuSrMQAW+7Zvl87h1kmc1ZB1VSRJcpUfoUrGQp4Fkoxm5kZ+Ms+aW+eA=="
    },
    "@xterm/headless@5.5.0": {
      "integrity": "sha512-5xXB7kdQlFBP82ViMJTwwEc3gKCLGKR/eoxQm4zge7GPBl86tCdI0IdPJjoKd8mUSFXz5V7i/25sfsEkP4j46g=="
    },
    "argparse@2.0.1": {
      "integrity": "sha512-8+9WqebbFzpX9OR+Wa6O29asIogeRMzcGtAINdpMHHyAg10f05aSFVBbcEqGf/PXw1EjAZ+q2/bEBg3DvurK3Q=="
    },
    "crelt@1.0.7": {
      "integrity": "sha512-aK6BbWfhf4U/wCcLHKPJl/xa6VkVstRaPywWtMKGwuOLc/wZTyQYuoxgvZnNsBvv7Kg3YTBQYYBCggcviQczuA=="
    },
    "entities@4.5.0": {
      "integrity": "sha512-V0hjH4dGPh9Ao5p0MoRY6BVqtwCjhz6vI5LT8AJ55H+4g9/4vbHx1I54fS0XuclLhDHArPQCiMjDxjaL8fPxhw=="
    },
    "kysely@0.29.4": {
      "integrity": "sha512-y5mVgQNkMbs1eK9Xyc0pmNdabN2wHhRYY/5r4W5HrUT1rYCEPeVNSj1RUJeSDKT3U0p+mXCvLgkrFuIafYI6BA=="
    },
    "linkify-it@5.0.2": {
      "integrity": "sha512-ONTm2jCMAVZjgQa/Fy1kScXsuOoF5NPTsoFBdE1KVIZ2vAh/r9+Bqo+0jINCBYnavTPQZz38QzFTme79ENoN3Q==",
      "dependencies": [
        "uc.micro"
      ]
    },
    "markdown-it@14.1.0": {
      "integrity": "sha512-a54IwgWPaeBCAAsv13YgmALOF1elABB08FxO9i+r4VFk5Vl4pKokRPeX8u5TCgSsPi6ec1otfLjdOpVcgbpshg==",
      "dependencies": [
        "argparse",
        "entities",
        "linkify-it",
        "mdurl",
        "punycode.js",
        "uc.micro"
      ],
      "bin": true
    },
    "mdurl@2.1.0": {
      "integrity": "sha512-1+HBaOx0zi/dQWht8rNv9MYf9qqpqL/kxI0hXImU6Y547zM6Sni8BQibt7ifgMcYtQg41ao3Ivd6cnSM86inpg=="
    },
    "punycode.js@2.3.1": {
      "integrity": "sha512-uxFIHU0YlHYhDQtV4R9J6a52SLx28BCjT+4ieh7IGbgwVJWO+km431c4yRlREUAsAmt/uMjQUyQHNEPf0M39CA=="
    },
    "smol-toml@1.8.0": {
      "integrity": "sha512-kCZr2V3ch9i00x8zXRhjUNVcjG9ijES5dDudkXvUVCT5QlJNQWElSJdZqyPemffHoLNUYwOcou0Fy+ojN0uHSQ=="
    },
    "style-mod@4.1.3": {
      "integrity": "sha512-i/n8VsZydrugj3Iuzll8+x/00GH2vnYsk1eomD8QiRrSAeW6ItbCQDtfXCeJHd0iwiNagqjQkvpvREEPtW3IoQ=="
    },
    "uc.micro@2.1.0": {
      "integrity": "sha512-ARDJmphmdvUk6Glw7y9DQ2bFkKBHwQHLi2lsaH6PPmz/Ka9sFOBsBluozhDltWmnv9u/cF6Rt87znRTPV+yp/A=="
    },
    "w3c-keyname@2.2.8": {
      "integrity": "sha512-dpojBhNsCNN7T82Tm7k26A6G9ML3NkhDsnw9n/eoxSRlVBB4CEtIQ/KTCLI2Fwf3ataSXRhYFkQi3SlnFwPvPQ=="
    },
    "zod@4.1.5": {
      "integrity": "sha512-rcUUZqlLJgBC33IT3PNMgsCq6TzLQEG/Ei/KTCU0PedSWRMAXoOUN+4t/0H+Q8bdnLPdqUYnvboJT0bn/229qg=="
    }
  },
  "workspace": {
    "dependencies": [
      "jsr:@hono/hono@4.9.8",
      "jsr:@std/assert@1.0.14",
      "npm:kysely@0.29.4",
      "npm:markdown-it@14.1.0",
      "npm:zod@4.1.5"
    ]
  }
}
