{
  "version": "5",
  "specifiers": {
    "jsr:@hono/hono@4.9.8": "4.9.8",
    "jsr:@std/assert@1.0.14": "1.0.14",
    "jsr:@std/internal@^1.0.10": "1.0.14",
    "npm:@xterm/addon-canvas@0.7.0": "0.7.0_@xterm+xterm@5.5.0",
    "npm:@xterm/addon-fit@0.10.0": "0.10.0_@xterm+xterm@5.5.0",
    "npm:@xterm/xterm@5.5.0": "5.5.0",
    "npm:markdown-it@14.1.0": "14.1.0",
    "npm:zod@4.1.5": "4.1.5"
  },
  "jsr": {
    "@hono/hono@4.9.8": {
      "integrity": "908150f13e90181a051a3af3bf15203aff00190682afedfd38824d0cb9299a95"
    },
    "@std/assert@1.0.14": {
      "integrity": "68d0d4a43b365abc927f45a9b85c639ea18a9fab96ad92281e493e4ed84abaa4",
      "dependencies": [
        "jsr:@std/internal"
      ]
    },
    "@std/internal@1.0.14": {
      "integrity": "291516b3d4c35024d6ffbc0a9df5bf4c64116e05b50012cf846710152d2ffdf7"
    }
  },
  "npm": {
    "@xterm/addon-canvas@0.7.0_@xterm+xterm@5.5.0": {
      "integrity": "sha512-LF5LYcfvefJuJ7QotNRdRSPc9YASAVDeoT5uyXS/nZshZXjYplGXRECBGiznwvhNL2I8bq1Lf5MzRwstsYQ2Iw==",
      "dependencies": [
        "@xterm/xterm"
      ]
    },
    "@xterm/addon-fit@0.10.0_@xterm+xterm@5.5.0": {
      "integrity": "sha512-UFYkDm4HUahf2lnEyHvio51TNGiLK66mqP2JoATy7hRZeXaGMRDr00JiSF7m63vR5WKATF605yEggJKsw0JpMQ==",
      "dependencies": [
        "@xterm/xterm"
      ]
    },
    "@xterm/xterm@5.5.0": {
      "integrity": "sha512-hqJHYaQb5OptNunnyAnkHyM8aCjZ1MEIDTQu1iIbbTD/xops91NB5yq1ZK/dC2JDbVWtF23zUtl9JE2NqwT87A=="
    },
    "argparse@2.0.1": {
      "integrity": "sha512-8+9WqebbFzpX9OR+Wa6O29asIogeRMzcGtAINdpMHHyAg10f05aSFVBbcEqGf/PXw1EjAZ+q2/bEBg3DvurK3Q=="
    },
    "entities@4.5.0": {
      "integrity": "sha512-V0hjH4dGPh9Ao5p0MoRY6BVqtwCjhz6vI5LT8AJ55H+4g9/4vbHx1I54fS0XuclLhDHArPQCiMjDxjaL8fPxhw=="
    },
    "linkify-it@5.0.2": {
      "integrity": "sha512-ONTm2jCMAVZjgQa/Fy1kScXsuOoF5NPTsoFBdE1KVIZ2vAh/r9+Bqo+0jINCBYnavTPQZz38QzFTme79ENoN3Q==",
      "dependencies": [
        "uc.micro"
      ]
    },
    "markdown-it@14.1.0": {
      "integrity": "sha512-a54IwgWPaeBCAAsv13YgmALOF1elABB08FxO9i+r4VFk5Vl4pKokRPeX8u5TCgSsPi6ec1otfLjdOpVcgbpshg==",
      "dependencies": [
        "argparse",
        "entities",
        "linkify-it",
        "mdurl",
        "punycode.js",
        "uc.micro"
      ],
      "bin": true
    },
    "mdurl@2.1.0": {
      "integrity": "sha512-1+HBaOx0zi/dQWht8rNv9MYf9qqpqL/kxI0hXImU6Y547zM6Sni8BQibt7ifgMcYtQg41ao3Ivd6cnSM86inpg=="
    },
    "punycode.js@2.3.1": {
      "integrity": "sha512-uxFIHU0YlHYhDQtV4R9J6a52SLx28BCjT+4ieh7IGbgwVJWO+km431c4yRlREUAsAmt/uMjQUyQHNEPf0M39CA=="
    },
    "uc.micro@2.1.0": {
      "integrity": "sha512-ARDJmphmdvUk6Glw7y9DQ2bFkKBHwQHLi2lsaH6PPmz/Ka9sFOBsBluozhDltWmnv9u/cF6Rt87znRTPV+yp/A=="
    },
    "zod@4.1.5": {
      "integrity": "sha512-rcUUZqlLJgBC33IT3PNMgsCq6TzLQEG/Ei/KTCU0PedSWRMAXoOUN+4t/0H+Q8bdnLPdqUYnvboJT0bn/229qg=="
    }
  },
  "workspace": {
    "dependencies": [
      "jsr:@hono/hono@4.9.8",
      "jsr:@std/assert@1.0.14",
      "npm:@xterm/addon-canvas@0.7.0",
      "npm:@xterm/addon-fit@0.10.0",
      "npm:@xterm/xterm@5.5.0",
      "npm:markdown-it@14.1.0",
      "npm:zod@4.1.5"
    ]
  }
}
